
Microsoft Visual Studio Solution File, Format Version 12.00
# Visual Studio 15
VisualStudioVersion = 15.0.26403.0
MinimumVisualStudioVersion = 10.0.40219.1
Project("{8BC9CEB8-8B4A-11D0-8D11-00A0C91BC942}") = "LuaTest", "LuaTest\LuaTest.vcxproj", "{F6B1ACC5-C316-422F-A2B0-B4EA240355A2}"
EndProject
Project("{8BC9CEB8-8B4A-11D0-8D11-00A0C91BC942}") = "LuaJIT", "LuaJIT\LuaJIT.vcxproj", "{F51D59E6-73CF-4B85-8502-F6F794679E89}"
EndProject
Global
	GlobalSection(SolutionConfigurationPlatforms) = preSolution
		Debug|x64 = Debug|x64
		Debug|x86 = Debug|x86
		Release|x64 = Release|x64
		Release|x86 = Release|x86
	EndGlobalSection
	GlobalSection(ProjectConfigurationPlatforms) = postSolution
		{F6B1ACC5-C316-422F-A2B0-B4EA240355A2}.Debug|x64.ActiveCfg = Debug|x64
		{F6B1ACC5-C316-422F-A2B0-B4EA240355A2}.Debug|x64.Build.0 = Debug|x64
		{F6B1ACC5-C316-422F-A2B0-B4EA240355A2}.Debug|x86.ActiveCfg = Debug|Win32
		{F6B1ACC5-C316-422F-A2B0-B4EA240355A2}.Debug|x86.Build.0 = Debug|Win32
		{F6B1ACC5-C316-422F-A2B0-B4EA240355A2}.Release|x64.ActiveCfg = Release|x64
		{F6B1ACC5-C316-422F-A2B0-B4EA240355A2}.Release|x64.Build.0 = Release|x64
		{F6B1ACC5-C316-422F-A2B0-B4EA240355A2}.Release|x86.ActiveCfg = Release|Win32
		{F6B1ACC5-C316-422F-A2B0-B4EA240355A2}.Release|x86.Build.0 = Release|Win32
		{F51D59E6-73CF-4B85-8502-F6F794679E89}.Debug|x64.ActiveCfg = Debug|x64
		{F51D59E6-73CF-4B85-8502-F6F794679E89}.Debug|x64.Build.0 = Debug|x64
		{F51D59E6-73CF-4B85-8502-F6F794679E89}.Debug|x86.ActiveCfg = Debug|Win32
		{F51D59E6-73CF-4B85-8502-F6F794679E89}.Debug|x86.Build.0 = Debug|Win32
		{F51D59E6-73CF-4B85-8502-F6F794679E89}.Release|x64.ActiveCfg = Release|x64
		{F51D59E6-73CF-4B85-8502-F6F794679E89}.Release|x64.Build.0 = Release|x64
		{F51D59E6-73CF-4B85-8502-F6F794679E89}.Release|x86.ActiveCfg = Release|Win32
		{F51D59E6-73CF-4B85-8502-F6F794679E89}.Release|x86.Build.0 = Release|Win32
	EndGlobalSection
	GlobalSection(SolutionProperties) = preSolution
		HideSolutionNode = FALSE
	EndGlobalSection
EndGlobal
